// !$*UTF8*$!
{
	archiveVersion = 1;
	classes = {
	};
	objectVersion = 77;
	objects = {

/* Begin PBXContainerItemProxy section */
		492666432DE4CDAB00A005C9 /* PBXContainerItemProxy */ = {
			isa = PBXContainerItemProxy;
			containerPortal = 4926662C2DE4CDAA00A005C9 /* Project object */;
			proxyType = 1;
			remoteGlobalIDString = 492666332DE4CDAA00A005C9;
			remoteInfo = Raumbuchungssystem;
		};
		4926664D2DE4CDAB00A005C9 /* PBXContainerItemProxy */ = {
			isa = PBXContainerItemProxy;
			containerPortal = 4926662C2DE4CDAA00A005C9 /* Project object */;
			proxyType = 1;
			remoteGlobalIDString = 492666332DE4CDAA00A005C9;
			remoteInfo = Raumbuchungssystem;
		};
/* End PBXContainerItemProxy section */

/* Begin PBXFileReference section */
		492666342DE4CDAA00A005C9 /* Raumbuchungssystem.app */ = {isa = PBXFileReference; explicitFileType = wrapper.application; includeInIndex = 0; path = Raumbuchungssystem.app; sourceTree = BUILT_PRODUCTS_DIR; };
		492666422DE4CDAB00A005C9 /* RaumbuchungssystemTests.xctest */ = {isa = PBXFileReference; explicitFileType = wrapper.cfbundle; includeInIndex = 0; path = RaumbuchungssystemTests.xctest; sourceTree = BUILT_PRODUCTS_DIR; };
		4926664C2DE4CDAB00A005C9 /* RaumbuchungssystemUITests.xctest */ = {isa = PBXFileReference; explicitFileType = wrapper.cfbundle; includeInIndex = 0; path = RaumbuchungssystemUITests.xctest; sourceTree = BUILT_PRODUCTS_DIR; };
/* End PBXFileReference section */

/* Begin PBXFileSystemSynchronizedRootGroup section */
		492666362DE4CDAA00A005C9 /* Raumbuchungssystem */ = {
			isa = PBXFileSystemSynchronizedRootGroup;
			path = Raumbuchungssystem;
			sourceTree = "<group>";
		};
		492666452DE4CDAB00A005C9 /* RaumbuchungssystemTests */ = {
			isa = PBXFileSystemSynchronizedRootGroup;
			path = RaumbuchungssystemTests;
			sourceTree = "<group>";
		};
		4926664F2DE4CDAB00A005C9 /* RaumbuchungssystemUITests */ = {
			isa = PBXFileSystemSynchronizedRootGroup;
			path = RaumbuchungssystemUITests;
			sourceTree = "<group>";
		};
/* End PBXFileSystemSynchronizedRootGroup section */

/* Begin PBXFrameworksBuildPhase section */
		492666312DE4CDAA00A005C9 /* Frameworks */ = {
			isa = PBXFrameworksBuildPhase;
			buildActionMask = 2147483647;
			files = (
			);
			runOnlyForDeploymentPostprocessing = 0;
		};
		4926663F2DE4CDAB00A005C9 /* Frameworks */ = {
			isa = PBXFrameworksBuildPhase;
			buildActionMask = 2147483647;
			files = (
			);
			runOnlyForDeploymentPostprocessing = 0;
		};
		492666492DE4CDAB00A005C9 /* Frameworks */ = {
			isa = PBXFrameworksBuildPhase;
			buildActionMask = 2147483647;
			files = (
			);
			runOnlyForDeploymentPostprocessing = 0;
		};
/* End PBXFrameworksBuildPhase section */

/* Begin PBXGroup section */
		4926662B2DE4CDAA00A005C9 = {
			isa = PBXGroup;
			children = (
				492666362DE4CDAA00A005C9 /* Raumbuchungssystem */,
				492666452DE4CDAB00A005C9 /* RaumbuchungssystemTests */,
				4926664F2DE4CDAB00A005C9 /* RaumbuchungssystemUITests */,
				492666352DE4CDAA00A005C9 /* Products */,
			);
			sourceTree = "<group>";
		};
		492666352DE4CDAA00A005C9 /* Products */ = {
			isa = PBXGroup;
			children = (
				492666342DE4CDAA00A005C9 /* Raumbuchungssystem.app */,
				492666422DE4CDAB00A005C9 /* RaumbuchungssystemTests.xctest */,
				4926664C2DE4CDAB00A005C9 /* RaumbuchungssystemUITests.xctest */,
			);
			name = Products;
			sourceTree = "<group>";
		};
/* End PBXGroup section */

/* Begin PBXNativeTarget section */
		492666332DE4CDAA00A005C9 /* Raumbuchungssystem */ = {
			isa = PBXNativeTarget;
			buildConfigurationList = 492666562DE4CDAB00A005C9 /* Build configuration list for PBXNativeTarget "Raumbuchungssystem" */;
			buildPhases = (
				492666302DE4CDAA00A005C9 /* Sources */,
				492666312DE4CDAA00A005C9 /* Frameworks */,
				492666322DE4CDAA00A005C9 /* Resources */,
			);
			buildRules = (
			);
			dependencies = (
			);
			fileSystemSynchronizedGroups = (
				492666362DE4CDAA00A005C9 /* Raumbuchungssystem */,
			);
			name = Raumbuchungssystem;
			packageProductDependencies = (
			);
			productName = Raumbuchungssystem;
			productReference = 492666342DE4CDAA00A005C9 /* Raumbuchungssystem.app */;
			productType = "com.apple.product-type.application";
		};
		492666412DE4CDAB00A005C9 /* RaumbuchungssystemTests */ = {
			isa = PBXNativeTarget;
			buildConfigurationList = 492666592DE4CDAB00A005C9 /* Build configuration list for PBXNativeTarget "RaumbuchungssystemTests" */;
			buildPhases = (
				4926663E2DE4CDAB00A005C9 /* Sources */,
				4926663F2DE4CDAB00A005C9 /* Frameworks */,
				492666402DE4CDAB00A005C9 /* Resources */,
			);
			buildRules = (
			);
			dependencies = (
				492666442DE4CDAB00A005C9 /* PBXTargetDependency */,
			);
			fileSystemSynchronizedGroups = (
				492666452DE4CDAB00A005C9 /* RaumbuchungssystemTests */,
			);
			name = RaumbuchungssystemTests;
			packageProductDependencies = (
			);
			productName = RaumbuchungssystemTests;
			productReference = 492666422DE4CDAB00A005C9 /* RaumbuchungssystemTests.xctest */;
			productType = "com.apple.product-type.bundle.unit-test";
		};
		4926664B2DE4CDAB00A005C9 /* RaumbuchungssystemUITests */ = {
			isa = PBXNativeTarget;
			buildConfigurationList = 4926665C2DE4CDAB00A005C9 /* Build configuration list for PBXNativeTarget "RaumbuchungssystemUITests" */;
			buildPhases = (
				492666482DE4CDAB00A005C9 /* Sources */,
				492666492DE4CDAB00A005C9 /* Frameworks */,
				4926664A2DE4CDAB00A005C9 /* Resources */,
			);
			buildRules = (
			);
			dependencies = (
				4926664E2DE4CDAB00A005C9 /* PBXTargetDependency */,
			);
			fileSystemSynchronizedGroups = (
				4926664F2DE4CDAB00A005C9 /* RaumbuchungssystemUITests */,
			);
			name = RaumbuchungssystemUITests;
			packageProductDependencies = (
			);
			productName = RaumbuchungssystemUITests;
			productReference = 4926664C2DE4CDAB00A005C9 /* RaumbuchungssystemUITests.xctest */;
			productType = "com.apple.product-type.bundle.ui-testing";
		};
/* End PBXNativeTarget section */

/* Begin PBXProject section */
		4926662C2DE4CDAA00A005C9 /* Project object */ = {
			isa = PBXProject;
			attributes = {
				BuildIndependentTargetsInParallel = 1;
				LastSwiftUpdateCheck = 1630;
				LastUpgradeCheck = 1630;
				TargetAttributes = {
					492666332DE4CDAA00A005C9 = {
						CreatedOnToolsVersion = 16.3;
					};
					492666412DE4CDAB00A005C9 = {
						CreatedOnToolsVersion = 16.3;
						TestTargetID = 492666332DE4CDAA00A005C9;
					};
					4926664B2DE4CDAB00A005C9 = {
						CreatedOnToolsVersion = 16.3;
						TestTargetID = 492666332DE4CDAA00A005C9;
					};
				};
			};
			buildConfigurationList = 4926662F2DE4CDAA00A005C9 /* Build configuration list for PBXProject "Raumbuchungssystem" */;
			developmentRegion = en;
			hasScannedForEncodings = 0;
			knownRegions = (
				en,
				Base,
			);
			mainGroup = 4926662B2DE4CDAA00A005C9;
			minimizedProjectReferenceProxies = 1;
			preferredProjectObjectVersion = 77;
			productRefGroup = 492666352DE4CDAA00A005C9 /* Products */;
			projectDirPath = "";
			projectRoot = "";
			targets = (
				492666332DE4CDAA00A005C9 /* Raumbuchungssystem */,
				492666412DE4CDAB00A005C9 /* RaumbuchungssystemTests */,
				4926664B2DE4CDAB00A005C9 /* RaumbuchungssystemUITests */,
			);
		};
/* End PBXProject section */

/* Begin PBXResourcesBuildPhase section */
		492666322DE4CDAA00A005C9 /* Resources */ = {
			isa = PBXResourcesBuildPhase;
			buildActionMask = 2147483647;
			files = (
			);
			runOnlyForDeploymentPostprocessing = 0;
		};
		492666402DE4CDAB00A005C9 /* Resources */ = {
			isa = PBXResourcesBuildPhase;
			buildActionMask = 2147483647;
			files = (
			);
			runOnlyForDeploymentPostprocessing = 0;
		};
		4926664A2DE4CDAB00A005C9 /* Resources */ = {
			isa = PBXResourcesBuildPhase;
			buildActionMask = 2147483647;
			files = (
			);
			runOnlyForDeploymentPostprocessing = 0;
		};
/* End PBXResourcesBuildPhase section */

/* Begin PBXSourcesBuildPhase section */
		492666302DE4CDAA00A005C9 /* Sources */ = {
			isa = PBXSourcesBuildPhase;
			buildActionMask = 2147483647;
			files = (
			);
			runOnlyForDeploymentPostprocessing = 0;
		};
		4926663E2DE4CDAB00A005C9 /* Sources */ = {
			isa = PBXSourcesBuildPhase;
			buildActionMask = 2147483647;
			files = (
			);
			runOnlyForDeploymentPostprocessing = 0;
		};
		492666482DE4CDAB00A005C9 /* Sources */ = {
			isa = PBXSourcesBuildPhase;
			buildActionMask = 2147483647;
			files = (
			);
			runOnlyForDeploymentPostprocessing = 0;
		};
/* End PBXSourcesBuildPhase section */

/* Begin PBXTargetDependency section */
		492666442DE4CDAB00A005C9 /* PBXTargetDependency */ = {
			isa = PBXTargetDependency;
			target = 492666332DE4CDAA00A005C9 /* Raumbuchungssystem */;
			targetProxy = 492666432DE4CDAB00A005C9 /* PBXContainerItemProxy */;
		};
		4926664E2DE4CDAB00A005C9 /* PBXTargetDependency */ = {
			isa = PBXTargetDependency;
			target = 492666332DE4CDAA00A005C9 /* Raumbuchungssystem */;
			targetProxy = 4926664D2DE4CDAB00A005C9 /* PBXContainerItemProxy */;
		};
/* End PBXTargetDependency section */

/* Begin XCBuildConfiguration section */
		492666542DE4CDAB00A005C9 /* Debug */ = {
			isa = XCBuildConfiguration;
			buildSettings = {
				ALWAYS_SEARCH_USER_PATHS = NO;
				ASSETCATALOG_COMPILER_GENERATE_SWIFT_ASSET_SYMBOL_EXTENSIONS = YES;
				CLANG_ANALYZER_NONNULL = YES;
				CLANG_ANALYZER_NUMBER_OBJECT_CONVERSION = YES_AGGRESSIVE;
				CLANG_CXX_LANGUAGE_STANDARD = "gnu++20";
				CLANG_ENABLE_MODULES = YES;
				CLANG_ENABLE_OBJC_ARC = YES;
				CLANG_ENABLE_OBJC_WEAK = YES;
				CLANG_WARN_BLOCK_CAPTURE_AUTORELEASING = YES;
				CLANG_WARN_BOOL_CONVERSION = YES;
				CLANG_WARN_COMMA = YES;
				CLANG_WARN_CONSTANT_CONVERSION = YES;
				CLANG_WARN_DEPRECATED_OBJC_IMPLEMENTATIONS = YES;
				CLANG_WARN_DIRECT_OBJC_ISA_USAGE = YES_ERROR;
				CLANG_WARN_DOCUMENTATION_COMMENTS = YES;
				CLANG_WARN_EMPTY_BODY = YES;
				CLANG_WARN_ENUM_CONVERSION = YES;
				CLANG_WARN_INFINITE_RECURSION = YES;
				CLANG_WARN_INT_CONVERSION = YES;
				CLANG_WARN_NON_LITERAL_NULL_CONVERSION = YES;
				CLANG_WARN_OBJC_IMPLICIT_RETAIN_SELF = YES;
				CLANG_WARN_OBJC_LITERAL_CONVERSION = YES;
				CLANG_WARN_OBJC_ROOT_CLASS = YES_ERROR;
				CLANG_WARN_QUOTED_INCLUDE_IN_FRAMEWORK_HEADER = YES;
				CLANG_WARN_RANGE_LOOP_ANALYSIS = YES;
				CLANG_WARN_STRICT_PROTOTYPES = YES;
				CLANG_WARN_SUSPICIOUS_MOVE = YES;
				CLANG_WARN_UNGUARDED_AVAILABILITY = YES_AGGRESSIVE;
				CLANG_WARN_UNREACHABLE_CODE = YES;
				CLANG_WARN__DUPLICATE_METHOD_MATCH = YES;
				COPY_PHASE_STRIP = NO;
				DEBUG_INFORMATION_FORMAT = dwarf;
				ENABLE_STRICT_OBJC_MSGSEND = YES;
				ENABLE_TESTABILITY = YES;
				ENABLE_USER_SCRIPT_SANDBOXING = YES;
				GCC_C_LANGUAGE_STANDARD = gnu17;
				GCC_DYNAMIC_NO_PIC = NO;
				GCC_NO_COMMON_BLOCKS = YES;
				GCC_OPTIMIZATION_LEVEL = 0;
				GCC_PREPROCESSOR_DEFINITIONS = (
					"DEBUG=1",
					"$(inherited)",
				);
				GCC_WARN_64_TO_32_BIT_CONVERSION = YES;
				GCC_WARN_ABOUT_RETURN_TYPE = YES_ERROR;
				GCC_WARN_UNDECLARED_SELECTOR = YES;
				GCC_WARN_UNINITIALIZED_AUTOS = YES_AGGRESSIVE;
				GCC_WARN_UNUSED_FUNCTION = YES;
				GCC_WARN_UNUSED_VARIABLE = YES;
				LOCALIZATION_PREFERS_STRING_CATALOGS = YES;
				MACOSX_DEPLOYMENT_TARGET = 15.4;
				MTL_ENABLE_DEBUG_INFO = INCLUDE_SOURCE;
				MTL_FAST_MATH = YES;
				ONLY_ACTIVE_ARCH = YES;
				SDKROOT = macosx;
				SWIFT_ACTIVE_COMPILATION_CONDITIONS = "DEBUG $(inherited)";
				SWIFT_OPTIMIZATION_LEVEL = "-Onone";
			};
			name = Debug;
		};
		492666552DE4CDAB00A005C9 /* Release */ = {
			isa = XCBuildConfiguration;
			buildSettings = {
				ALWAYS_SEARCH_USER_PATHS = NO;
				ASSETCATALOG_COMPILER_GENERATE_SWIFT_ASSET_SYMBOL_EXTENSIONS = YES;
				CLANG_ANALYZER_NONNULL = YES;
				CLANG_ANALYZER_NUMBER_OBJECT_CONVERSION = YES_AGGRESSIVE;
				CLANG_CXX_LANGUAGE_STANDARD = "gnu++20";
				CLANG_ENABLE_MODULES = YES;
				CLANG_ENABLE_OBJC_ARC = YES;
				CLANG_ENABLE_OBJC_WEAK = YES;
				CLANG_WARN_BLOCK_CAPTURE_AUTORELEASING = YES;
				CLANG_WARN_BOOL_CONVERSION = YES;
				CLANG_WARN_COMMA = YES;
				CLANG_WARN_CONSTANT_CONVERSION = YES;
				CLANG_WARN_DEPRECATED_OBJC_IMPLEMENTATIONS = YES;
				CLANG_WARN_DIRECT_OBJC_ISA_USAGE = YES_ERROR;
				CLANG_WARN_DOCUMENTATION_COMMENTS = YES;
				CLANG_WARN_EMPTY_BODY = YES;
				CLANG_WARN_ENUM_CONVERSION = YES;
				CLANG_WARN_INFINITE_RECURSION = YES;
				CLANG_WARN_INT_CONVERSION = YES;
				CLANG_WARN_NON_LITERAL_NULL_CONVERSION = YES;
				CLANG_WARN_OBJC_IMPLICIT_RETAIN_SELF = YES;
				CLANG_WARN_OBJC_LITERAL_CONVERSION = YES;
				CLANG_WARN_OBJC_ROOT_CLASS = YES_ERROR;
				CLANG_WARN_QUOTED_INCLUDE_IN_FRAMEWORK_HEADER = YES;
				CLANG_WARN_RANGE_LOOP_ANALYSIS = YES;
				CLANG_WARN_STRICT_PROTOTYPES = YES;
				CLANG_WARN_SUSPICIOUS_MOVE = YES;
				CLANG_WARN_UNGUARDED_AVAILABILITY = YES_AGGRESSIVE;
				CLANG_WARN_UNREACHABLE_CODE = YES;
				CLANG_WARN__DUPLICATE_METHOD_MATCH = YES;
				COPY_PHASE_STRIP = NO;
				DEBUG_INFORMATION_FORMAT = "dwarf-with-dsym";
				ENABLE_NS_ASSERTIONS = NO;
				ENABLE_STRICT_OBJC_MSGSEND = YES;
				ENABLE_USER_SCRIPT_SANDBOXING = YES;
				GCC_C_LANGUAGE_STANDARD = gnu17;
				GCC_NO_COMMON_BLOCKS = YES;
				GCC_WARN_64_TO_32_BIT_CONVERSION = YES;
				GCC_WARN_ABOUT_RETURN_TYPE = YES_ERROR;
				GCC_WARN_UNDECLARED_SELECTOR = YES;
				GCC_WARN_UNINITIALIZED_AUTOS = YES_AGGRESSIVE;
				GCC_WARN_UNUSED_FUNCTION = YES;
				GCC_WARN_UNUSED_VARIABLE = YES;
				LOCALIZATION_PREFERS_STRING_CATALOGS = YES;
				MACOSX_DEPLOYMENT_TARGET = 15.4;
				MTL_ENABLE_DEBUG_INFO = NO;
				MTL_FAST_MATH = YES;
				SDKROOT = macosx;
				SWIFT_COMPILATION_MODE = wholemodule;
			};
			name = Release;
		};
		492666572DE4CDAB00A005C9 /* Debug */ = {
			isa = XCBuildConfiguration;
			buildSettings = {
				ASSETCATALOG_COMPILER_APPICON_NAME = AppIcon;
				ASSETCATALOG_COMPILER_GLOBAL_ACCENT_COLOR_NAME = AccentColor;
				CODE_SIGN_ENTITLEMENTS = Raumbuchungssystem/Raumbuchungssystem.entitlements;
				CODE_SIGN_STYLE = Automatic;
				COMBINE_HIDPI_IMAGES = YES;
				CURRENT_PROJECT_VERSION = 1;
				ENABLE_PREVIEWS = YES;
				GENERATE_INFOPLIST_FILE = YES;
				INFOPLIST_KEY_NSHumanReadableCopyright = "";
				LD_RUNPATH_SEARCH_PATHS = (
					"$(inherited)",
					"@executable_path/../Frameworks",
				);
				MARKETING_VERSION = 1.0;
				PRODUCT_BUNDLE_IDENTIFIER = com.Herrmann.Raumbuchungssystem;
				PRODUCT_NAME = "$(TARGET_NAME)";
				REGISTER_APP_GROUPS = YES;
				SWIFT_EMIT_LOC_STRINGS = YES;
				SWIFT_VERSION = 5.0;
			};
			name = Debug;
		};
		492666582DE4CDAB00A005C9 /* Release */ = {
			isa = XCBuildConfiguration;
			buildSettings = {
				ASSETCATALOG_COMPILER_APPICON_NAME = AppIcon;
				ASSETCATALOG_COMPILER_GLOBAL_ACCENT_COLOR_NAME = AccentColor;
				CODE_SIGN_ENTITLEMENTS = Raumbuchungssystem/Raumbuchungssystem.entitlements;
				CODE_SIGN_STYLE = Automatic;
				COMBINE_HIDPI_IMAGES = YES;
				CURRENT_PROJECT_VERSION = 1;
				ENABLE_PREVIEWS = YES;
				GENERATE_INFOPLIST_FILE = YES;
				INFOPLIST_KEY_NSHumanReadableCopyright = "";
				LD_RUNPATH_SEARCH_PATHS = (
					"$(inherited)",
					"@executable_path/../Frameworks",
				);
				MARKETING_VERSION = 1.0;
				PRODUCT_BUNDLE_IDENTIFIER = com.Herrmann.Raumbuchungssystem;
				PRODUCT_NAME = "$(TARGET_NAME)";
				REGISTER_APP_GROUPS = YES;
				SWIFT_EMIT_LOC_STRINGS = YES;
				SWIFT_VERSION = 5.0;
			};
			name = Release;
		};
		4926665A2DE4CDAB00A005C9 /* Debug */ = {
			isa = XCBuildConfiguration;
			buildSettings = {
				BUNDLE_LOADER = "$(TEST_HOST)";
				CODE_SIGN_STYLE = Automatic;
				CURRENT_PROJECT_VERSION = 1;
				GENERATE_INFOPLIST_FILE = YES;
				MACOSX_DEPLOYMENT_TARGET = 15.4;
				MARKETING_VERSION = 1.0;
				PRODUCT_BUNDLE_IDENTIFIER = com.Herrmann.RaumbuchungssystemTests;
				PRODUCT_NAME = "$(TARGET_NAME)";
				SWIFT_EMIT_LOC_STRINGS = NO;
				SWIFT_VERSION = 5.0;
				TEST_HOST = "$(BUILT_PRODUCTS_DIR)/Raumbuchungssystem.app/$(BUNDLE_EXECUTABLE_FOLDER_PATH)/Raumbuchungssystem";
			};
			name = Debug;
		};
		4926665B2DE4CDAB00A005C9 /* Release */ = {
			isa = XCBuildConfiguration;
			buildSettings = {
				BUNDLE_LOADER = "$(TEST_HOST)";
				CODE_SIGN_STYLE = Automatic;
				CURRENT_PROJECT_VERSION = 1;
				GENERATE_INFOPLIST_FILE = YES;
				MACOSX_DEPLOYMENT_TARGET = 15.4;
				MARKETING_VERSION = 1.0;
				PRODUCT_BUNDLE_IDENTIFIER = com.Herrmann.RaumbuchungssystemTests;
				PRODUCT_NAME = "$(TARGET_NAME)";
				SWIFT_EMIT_LOC_STRINGS = NO;
				SWIFT_VERSION = 5.0;
				TEST_HOST = "$(BUILT_PRODUCTS_DIR)/Raumbuchungssystem.app/$(BUNDLE_EXECUTABLE_FOLDER_PATH)/Raumbuchungssystem";
			};
			name = Release;
		};
		4926665D2DE4CDAB00A005C9 /* Debug */ = {
			isa = XCBuildConfiguration;
			buildSettings = {
				CODE_SIGN_STYLE = Automatic;
				CURRENT_PROJECT_VERSION = 1;
				GENERATE_INFOPLIST_FILE = YES;
				MARKETING_VERSION = 1.0;
				PRODUCT_BUNDLE_IDENTIFIER = com.Herrmann.RaumbuchungssystemUITests;
				PRODUCT_NAME = "$(TARGET_NAME)";
				SWIFT_EMIT_LOC_STRINGS = NO;
				SWIFT_VERSION = 5.0;
				TEST_TARGET_NAME = Raumbuchungssystem;
			};
			name = Debug;
		};
		4926665E2DE4CDAB00A005C9 /* Release */ = {
			isa = XCBuildConfiguration;
			buildSettings = {
				CODE_SIGN_STYLE = Automatic;
				CURRENT_PROJECT_VERSION = 1;
				GENERATE_INFOPLIST_FILE = YES;
				MARKETING_VERSION = 1.0;
				PRODUCT_BUNDLE_IDENTIFIER = com.Herrmann.RaumbuchungssystemUITests;
				PRODUCT_NAME = "$(TARGET_NAME)";
				SWIFT_EMIT_LOC_STRINGS = NO;
				SWIFT_VERSION = 5.0;
				TEST_TARGET_NAME = Raumbuchungssystem;
			};
			name = Release;
		};
/* End XCBuildConfiguration section */

/* Begin XCConfigurationList section */
		4926662F2DE4CDAA00A005C9 /* Build configuration list for PBXProject "Raumbuchungssystem" */ = {
			isa = XCConfigurationList;
			buildConfigurations = (
				492666542DE4CDAB00A005C9 /* Debug */,
				492666552DE4CDAB00A005C9 /* Release */,
			);
			defaultConfigurationIsVisible = 0;
			defaultConfigurationName = Release;
		};
		492666562DE4CDAB00A005C9 /* Build configuration list for PBXNativeTarget "Raumbuchungssystem" */ = {
			isa = XCConfigurationList;
			buildConfigurations = (
				492666572DE4CDAB00A005C9 /* Debug */,
				492666582DE4CDAB00A005C9 /* Release */,
			);
			defaultConfigurationIsVisible = 0;
			defaultConfigurationName = Release;
		};
		492666592DE4CDAB00A005C9 /* Build configuration list for PBXNativeTarget "RaumbuchungssystemTests" */ = {
			isa = XCConfigurationList;
			buildConfigurations = (
				4926665A2DE4CDAB00A005C9 /* Debug */,
				4926665B2DE4CDAB00A005C9 /* Release */,
			);
			defaultConfigurationIsVisible = 0;
			defaultConfigurationName = Release;
		};
		4926665C2DE4CDAB00A005C9 /* Build configuration list for PBXNativeTarget "RaumbuchungssystemUITests" */ = {
			isa = XCConfigurationList;
			buildConfigurations = (
				4926665D2DE4CDAB00A005C9 /* Debug */,
				4926665E2DE4CDAB00A005C9 /* Release */,
			);
			defaultConfigurationIsVisible = 0;
			defaultConfigurationName = Release;
		};
/* End XCConfigurationList section */
	};
	rootObject = 4926662C2DE4CDAA00A005C9 /* Project object */;
}
